
Microsoft Visual Studio Solution File, Format Version 12.00
# Visual Studio Version 17
VisualStudioVersion = 17.7.34024.191
MinimumVisualStudioVersion = 10.0.40219.1
Project("{FAE04EC0-301F-11D3-BF4B-00C04F79EFBC}") = "Eneca.SpacesManager", "Eneca.SpacesManager.csproj", "{00EBE0A1-CA60-46D8-86FA-2C087A8958C0}"
EndProject
Global
	GlobalSection(SolutionConfigurationPlatforms) = preSolution
		Debug R19|Any CPU = Debug R19|Any CPU
		Debug R20|Any CPU = Debug R20|Any CPU
		Debug R21|Any CPU = Debug R21|Any CPU
		Debug R22|Any CPU = Debug R22|Any CPU
		Debug R23|Any CPU = Debug R23|Any CPU
		Release R19|Any CPU = Release R19|Any CPU
		Release R20|Any CPU = Release R20|Any CPU
		Release R21|Any CPU = Release R21|Any CPU
		Release R22|Any CPU = Release R22|Any CPU
		Release R23|Any CPU = Release R23|Any CPU
	EndGlobalSection
	GlobalSection(ProjectConfigurationPlatforms) = postSolution
		{00EBE0A1-CA60-46D8-86FA-2C087A8958C0}.Debug R19|Any CPU.ActiveCfg = Debug R19|Any CPU
		{00EBE0A1-CA60-46D8-86FA-2C087A8958C0}.Debug R19|Any CPU.Build.0 = Debug R19|Any CPU
		{00EBE0A1-CA60-46D8-86FA-2C087A8958C0}.Debug R20|Any CPU.ActiveCfg = Debug R20|Any CPU
		{00EBE0A1-CA60-46D8-86FA-2C087A8958C0}.Debug R20|Any CPU.Build.0 = Debug R20|Any CPU
		{00EBE0A1-CA60-46D8-86FA-2C087A8958C0}.Debug R21|Any CPU.ActiveCfg = Debug R21|Any CPU
		{00EBE0A1-CA60-46D8-86FA-2C087A8958C0}.Debug R21|Any CPU.Build.0 = Debug R21|Any CPU
		{00EBE0A1-CA60-46D8-86FA-2C087A8958C0}.Debug R22|Any CPU.ActiveCfg = Debug R22|Any CPU
		{00EBE0A1-CA60-46D8-86FA-2C087A8958C0}.Debug R22|Any CPU.Build.0 = Debug R22|Any CPU
		{00EBE0A1-CA60-46D8-86FA-2C087A8958C0}.Debug R23|Any CPU.ActiveCfg = Debug R23|Any CPU
		{00EBE0A1-CA60-46D8-86FA-2C087A8958C0}.Debug R23|Any CPU.Build.0 = Debug R23|Any CPU
		{00EBE0A1-CA60-46D8-86FA-2C087A8958C0}.Release R19|Any CPU.ActiveCfg = Release R19|Any CPU
		{00EBE0A1-CA60-46D8-86FA-2C087A8958C0}.Release R19|Any CPU.Build.0 = Release R19|Any CPU
		{00EBE0A1-CA60-46D8-86FA-2C087A8958C0}.Release R20|Any CPU.ActiveCfg = Release R20|Any CPU
		{00EBE0A1-CA60-46D8-86FA-2C087A8958C0}.Release R20|Any CPU.Build.0 = Release R20|Any CPU
		{00EBE0A1-CA60-46D8-86FA-2C087A8958C0}.Release R21|Any CPU.ActiveCfg = Release R21|Any CPU
		{00EBE0A1-CA60-46D8-86FA-2C087A8958C0}.Release R21|Any CPU.Build.0 = Release R21|Any CPU
		{00EBE0A1-CA60-46D8-86FA-2C087A8958C0}.Release R22|Any CPU.ActiveCfg = Release R22|Any CPU
		{00EBE0A1-CA60-46D8-86FA-2C087A8958C0}.Release R22|Any CPU.Build.0 = Release R22|Any CPU
		{00EBE0A1-CA60-46D8-86FA-2C087A8958C0}.Release R23|Any CPU.ActiveCfg = Release R23|Any CPU
		{00EBE0A1-CA60-46D8-86FA-2C087A8958C0}.Release R23|Any CPU.Build.0 = Release R23|Any CPU
	EndGlobalSection
	GlobalSection(SolutionProperties) = preSolution
		HideSolutionNode = FALSE
	EndGlobalSection
	GlobalSection(ExtensibilityGlobals) = postSolution
		SolutionGuid = {58D576FF-C626-4C7C-90A7-1AA630A713FD}
	EndGlobalSection
EndGlobal
